
Microsoft Visual Studio Solution File, Format Version 12.00
# Visual Studio Version 17
VisualStudioVersion = 17.8.34330.188
MinimumVisualStudioVersion = 10.0.40219.1
Project("{FAE04EC0-301F-11D3-BF4B-00C04F79EFBC}") = "Stock_Data_Api", "Stock_Data_Api\Stock_Data_Api.csproj", "{6F531C1C-C267-40F6-8E29-F79C7E91C8CA}"
EndProject
Global
	GlobalSection(SolutionConfigurationPlatforms) = preSolution
		Debug|Any CPU = Debug|Any CPU
		Release|Any CPU = Release|Any CPU
	EndGlobalSection
	GlobalSection(ProjectConfigurationPlatforms) = postSolution
		{6F531C1C-C267-40F6-8E29-F79C7E91C8CA}.Debug|Any CPU.ActiveCfg = Debug|Any CPU
		{6F531C1C-C267-40F6-8E29-F79C7E91C8CA}.Debug|Any CPU.Build.0 = Debug|Any CPU
		{6F531C1C-C267-40F6-8E29-F79C7E91C8CA}.Release|Any CPU.ActiveCfg = Release|Any CPU
		{6F531C1C-C267-40F6-8E29-F79C7E91C8CA}.Release|Any CPU.Build.0 = Release|Any CPU
	EndGlobalSection
	GlobalSection(SolutionProperties) = preSolution
		HideSolutionNode = FALSE
	EndGlobalSection
	GlobalSection(ExtensibilityGlobals) = postSolution
		SolutionGuid = {339E35AC-155C-44D1-A06A-FCDBFBBFC047}
	EndGlobalSection
EndGlobal
